
Microsoft Visual Studio Solution File, Format Version 12.00
# Visual Studio Version 17
VisualStudioVersion = 17.1.32407.343
MinimumVisualStudioVersion = 10.0.40219.1
Project("{FAE04EC0-301F-11D3-BF4B-00C04F79EFBC}") = "Cineflix.Web", "Cineflix.Web\Cineflix.Web.csproj", "{F642A1D6-9A54-42F9-9723-306418FACEE8}"
EndProject
Project("{FAE04EC0-301F-11D3-BF4B-00C04F79EFBC}") = "Cineflix.Domain", "Cineflix.Domain\Cineflix.Domain.csproj", "{B3CA5797-6F34-45B0-B13A-A3F7E6061FAD}"
EndProject
Project("{FAE04EC0-301F-11D3-BF4B-00C04F79EFBC}") = "Cineflix.Infra", "Cineflix.Infra\Cineflix.Infra.csproj", "{2C7208B8-A806-40B8-9196-814AC0BBEAF3}"
EndProject
Global
	GlobalSection(SolutionConfigurationPlatforms) = preSolution
		Debug|Any CPU = Debug|Any CPU
		Release|Any CPU = Release|Any CPU
	EndGlobalSection
	GlobalSection(ProjectConfigurationPlatforms) = postSolution
		{F642A1D6-9A54-42F9-9723-306418FACEE8}.Debug|Any CPU.ActiveCfg = Debug|Any CPU
		{F642A1D6-9A54-42F9-9723-306418FACEE8}.Debug|Any CPU.Build.0 = Debug|Any CPU
		{F642A1D6-9A54-42F9-9723-306418FACEE8}.Release|Any CPU.ActiveCfg = Release|Any CPU
		{F642A1D6-9A54-42F9-9723-306418FACEE8}.Release|Any CPU.Build.0 = Release|Any CPU
		{B3CA5797-6F34-45B0-B13A-A3F7E6061FAD}.Debug|Any CPU.ActiveCfg = Debug|Any CPU
		{B3CA5797-6F34-45B0-B13A-A3F7E6061FAD}.Debug|Any CPU.Build.0 = Debug|Any CPU
		{B3CA5797-6F34-45B0-B13A-A3F7E6061FAD}.Release|Any CPU.ActiveCfg = Release|Any CPU
		{B3CA5797-6F34-45B0-B13A-A3F7E6061FAD}.Release|Any CPU.Build.0 = Release|Any CPU
		{2C7208B8-A806-40B8-9196-814AC0BBEAF3}.Debug|Any CPU.ActiveCfg = Debug|Any CPU
		{2C7208B8-A806-40B8-9196-814AC0BBEAF3}.Debug|Any CPU.Build.0 = Debug|Any CPU
		{2C7208B8-A806-40B8-9196-814AC0BBEAF3}.Release|Any CPU.ActiveCfg = Release|Any CPU
		{2C7208B8-A806-40B8-9196-814AC0BBEAF3}.Release|Any CPU.Build.0 = Release|Any CPU
	EndGlobalSection
	GlobalSection(SolutionProperties) = preSolution
		HideSolutionNode = FALSE
	EndGlobalSection
	GlobalSection(ExtensibilityGlobals) = postSolution
		SolutionGuid = {EF56E4D8-5515-4D51-8CC1-D81782D1B573}
	EndGlobalSection
EndGlobal
